
Microsoft Visual Studio Solution File, Format Version 12.00
# Visual Studio Version 16
VisualStudioVersion = 25.0.1706.14
MinimumVisualStudioVersion = 10.0.40219.1
Project("{FAE04EC0-301F-11D3-BF4B-00C04F79EFBC}") = "FileSystem_Honeywell", "FileSystem_Honeywell.csproj", "{08EE6F58-FEA4-4B63-A9E2-2D873AE43C6F}"
EndProject
Global
	GlobalSection(SolutionConfigurationPlatforms) = preSolution
		Debug|Any CPU = Debug|Any CPU
		Release|Any CPU = Release|Any CPU
	EndGlobalSection
	GlobalSection(ProjectConfigurationPlatforms) = postSolution
		{08EE6F58-FEA4-4B63-A9E2-2D873AE43C6F}.Debug|Any CPU.ActiveCfg = Debug|Any CPU
		{08EE6F58-FEA4-4B63-A9E2-2D873AE43C6F}.Debug|Any CPU.Build.0 = Debug|Any CPU
		{08EE6F58-FEA4-4B63-A9E2-2D873AE43C6F}.Release|Any CPU.ActiveCfg = Release|Any CPU
		{08EE6F58-FEA4-4B63-A9E2-2D873AE43C6F}.Release|Any CPU.Build.0 = Release|Any CPU
	EndGlobalSection
	GlobalSection(SolutionProperties) = preSolution
		HideSolutionNode = FALSE
	EndGlobalSection
	GlobalSection(ExtensibilityGlobals) = postSolution
		SolutionGuid = {7CCEC591-FC7C-44A9-9092-1BA63E65B1A0}
	EndGlobalSection
EndGlobal
